// !$*UTF8*$!
{
	archiveVersion = 1;
	classes = {
	};
	objectVersion = 56;
	objects = {

/* Begin PBXBuildFile section */
		03CB3303507115A9902E2B0A /* Pods_JZExtension.framework in Frameworks */ = {isa = PBXBuildFile; fileRef = 7C81ECD052CA98078409401C /* Pods_JZExtension.framework */; };
		6147EB682ABD32430090A914 /* UIViewController+JZ.swift in Sources */ = {isa = PBXBuildFile; fileRef = 6147EB672ABD32430090A914 /* UIViewController+JZ.swift */; };
		6147EB6A2ABD39090090A914 /* UIScrollView+JZ.swift in Sources */ = {isa = PBXBuildFile; fileRef = 6147EB692ABD39090090A914 /* UIScrollView+JZ.swift */; };
		61761DAF2AB93E100038A5C1 /* UIView+JZ.swift in Sources */ = {isa = PBXBuildFile; fileRef = 61761DAE2AB93E100038A5C1 /* UIView+JZ.swift */; };
		61761DB12AB975540038A5C1 /* UITextField+JZ.swift in Sources */ = {isa = PBXBuildFile; fileRef = 61761DB02AB975540038A5C1 /* UITextField+JZ.swift */; };
		61761DB32ABA94DA0038A5C1 /* CharacterSetOption.swift in Sources */ = {isa = PBXBuildFile; fileRef = 61761DB22ABA94DA0038A5C1 /* CharacterSetOption.swift */; };
		61FF01BD2ABBDB9F00FFC007 /* UIButton+JZ.swift in Sources */ = {isa = PBXBuildFile; fileRef = 61FF01BC2ABBDB9F00FFC007 /* UIButton+JZ.swift */; };
		61FF01C42ABC2FA000FFC007 /* MyView.swift in Sources */ = {isa = PBXBuildFile; fileRef = 61FF01C32ABC2FA000FFC007 /* MyView.swift */; };
		97777C4E2AB8A5FE008D5A79 /* AppDelegate.swift in Sources */ = {isa = PBXBuildFile; fileRef = 97777C4D2AB8A5FE008D5A79 /* AppDelegate.swift */; };
		97777C522AB8A5FE008D5A79 /* ViewController.swift in Sources */ = {isa = PBXBuildFile; fileRef = 97777C512AB8A5FE008D5A79 /* ViewController.swift */; };
		97777C552AB8A5FF008D5A79 /* Main.storyboard in Resources */ = {isa = PBXBuildFile; fileRef = 97777C532AB8A5FF008D5A79 /* Main.storyboard */; };
		97777C572AB8A600008D5A79 /* Assets.xcassets in Resources */ = {isa = PBXBuildFile; fileRef = 97777C562AB8A600008D5A79 /* Assets.xcassets */; };
		97777C5A2AB8A600008D5A79 /* LaunchScreen.storyboard in Resources */ = {isa = PBXBuildFile; fileRef = 97777C582AB8A600008D5A79 /* LaunchScreen.storyboard */; };
		97777C652AB8A625008D5A79 /* UIResponder+JZ.swift in Sources */ = {isa = PBXBuildFile; fileRef = 97777C622AB8A625008D5A79 /* UIResponder+JZ.swift */; };
		97777C662AB8A625008D5A79 /* UITableView+JZ.swift in Sources */ = {isa = PBXBuildFile; fileRef = 97777C632AB8A625008D5A79 /* UITableView+JZ.swift */; };
		97777C672AB8A625008D5A79 /* JZExtension.swift in Sources */ = {isa = PBXBuildFile; fileRef = 97777C642AB8A625008D5A79 /* JZExtension.swift */; };
/* End PBXBuildFile section */

/* Begin PBXFileReference section */
		6147EB672ABD32430090A914 /* UIViewController+JZ.swift */ = {isa = PBXFileReference; lastKnownFileType = sourcecode.swift; path = "UIViewController+JZ.swift"; sourceTree = "<group>"; };
		6147EB692ABD39090090A914 /* UIScrollView+JZ.swift */ = {isa = PBXFileReference; lastKnownFileType = sourcecode.swift; path = "UIScrollView+JZ.swift"; sourceTree = "<group>"; };
		61761DAE2AB93E100038A5C1 /* UIView+JZ.swift */ = {isa = PBXFileReference; lastKnownFileType = sourcecode.swift; path = "UIView+JZ.swift"; sourceTree = "<group>"; };
		61761DB02AB975540038A5C1 /* UITextField+JZ.swift */ = {isa = PBXFileReference; lastKnownFileType = sourcecode.swift; path = "UITextField+JZ.swift"; sourceTree = "<group>"; };
		61761DB22ABA94DA0038A5C1 /* CharacterSetOption.swift */ = {isa = PBXFileReference; lastKnownFileType = sourcecode.swift; path = CharacterSetOption.swift; sourceTree = "<group>"; };
		61FF01BC2ABBDB9F00FFC007 /* UIButton+JZ.swift */ = {isa = PBXFileReference; lastKnownFileType = sourcecode.swift; path = "UIButton+JZ.swift"; sourceTree = "<group>"; };
		61FF01C32ABC2FA000FFC007 /* MyView.swift */ = {isa = PBXFileReference; lastKnownFileType = sourcecode.swift; path = MyView.swift; sourceTree = "<group>"; };
		633EE6759F821A35D7EAEF3B /* Pods-JZExtension.debug.xcconfig */ = {isa = PBXFileReference; includeInIndex = 1; lastKnownFileType = text.xcconfig; name = "Pods-JZExtension.debug.xcconfig"; path = "Target Support Files/Pods-JZExtension/Pods-JZExtension.debug.xcconfig"; sourceTree = "<group>"; };
		7C81ECD052CA98078409401C /* Pods_JZExtension.framework */ = {isa = PBXFileReference; explicitFileType = wrapper.framework; includeInIndex = 0; path = Pods_JZExtension.framework; sourceTree = BUILT_PRODUCTS_DIR; };
		97777C4A2AB8A5FE008D5A79 /* JZExtension.app */ = {isa = PBXFileReference; explicitFileType = wrapper.application; includeInIndex = 0; path = JZExtension.app; sourceTree = BUILT_PRODUCTS_DIR; };
		97777C4D2AB8A5FE008D5A79 /* AppDelegate.swift */ = {isa = PBXFileReference; lastKnownFileType = sourcecode.swift; path = AppDelegate.swift; sourceTree = "<group>"; };
		97777C512AB8A5FE008D5A79 /* ViewController.swift */ = {isa = PBXFileReference; lastKnownFileType = sourcecode.swift; path = ViewController.swift; sourceTree = "<group>"; };
		97777C542AB8A5FF008D5A79 /* Base */ = {isa = PBXFileReference; lastKnownFileType = file.storyboard; name = Base; path = Base.lproj/Main.storyboard; sourceTree = "<group>"; };
		97777C562AB8A600008D5A79 /* Assets.xcassets */ = {isa = PBXFileReference; lastKnownFileType = folder.assetcatalog; path = Assets.xcassets; sourceTree = "<group>"; };
		97777C592AB8A600008D5A79 /* Base */ = {isa = PBXFileReference; lastKnownFileType = file.storyboard; name = Base; path = Base.lproj/LaunchScreen.storyboard; sourceTree = "<group>"; };
		97777C5B2AB8A600008D5A79 /* Info.plist */ = {isa = PBXFileReference; lastKnownFileType = text.plist.xml; path = Info.plist; sourceTree = "<group>"; };
		97777C622AB8A625008D5A79 /* UIResponder+JZ.swift */ = {isa = PBXFileReference; fileEncoding = 4; lastKnownFileType = sourcecode.swift; path = "UIResponder+JZ.swift"; sourceTree = "<group>"; };
		97777C632AB8A625008D5A79 /* UITableView+JZ.swift */ = {isa = PBXFileReference; fileEncoding = 4; lastKnownFileType = sourcecode.swift; path = "UITableView+JZ.swift"; sourceTree = "<group>"; };
		97777C642AB8A625008D5A79 /* JZExtension.swift */ = {isa = PBXFileReference; fileEncoding = 4; lastKnownFileType = sourcecode.swift; path = JZExtension.swift; sourceTree = "<group>"; };
		B222383BB0BE2CFA80F85814 /* Pods-JZExtension.release.xcconfig */ = {isa = PBXFileReference; includeInIndex = 1; lastKnownFileType = text.xcconfig; name = "Pods-JZExtension.release.xcconfig"; path = "Target Support Files/Pods-JZExtension/Pods-JZExtension.release.xcconfig"; sourceTree = "<group>"; };
/* End PBXFileReference section */

/* Begin PBXFrameworksBuildPhase section */
		97777C472AB8A5FE008D5A79 /* Frameworks */ = {
			isa = PBXFrameworksBuildPhase;
			buildActionMask = 2147483647;
			files = (
				03CB3303507115A9902E2B0A /* Pods_JZExtension.framework in Frameworks */,
			);
			runOnlyForDeploymentPostprocessing = 0;
		};
/* End PBXFrameworksBuildPhase section */

/* Begin PBXGroup section */
		1C9891692DBABC924443FF10 /* Pods */ = {
			isa = PBXGroup;
			children = (
				633EE6759F821A35D7EAEF3B /* Pods-JZExtension.debug.xcconfig */,
				B222383BB0BE2CFA80F85814 /* Pods-JZExtension.release.xcconfig */,
			);
			path = Pods;
			sourceTree = "<group>";
		};
		97777C412AB8A5FE008D5A79 = {
			isa = PBXGroup;
			children = (
				97777C4C2AB8A5FE008D5A79 /* JZExtension */,
				97777C4B2AB8A5FE008D5A79 /* Products */,
				1C9891692DBABC924443FF10 /* Pods */,
				B9D0F46055167982C3C5279B /* Frameworks */,
			);
			sourceTree = "<group>";
		};
		97777C4B2AB8A5FE008D5A79 /* Products */ = {
			isa = PBXGroup;
			children = (
				97777C4A2AB8A5FE008D5A79 /* JZExtension.app */,
			);
			name = Products;
			sourceTree = "<group>";
		};
		97777C4C2AB8A5FE008D5A79 /* JZExtension */ = {
			isa = PBXGroup;
			children = (
				97777C612AB8A615008D5A79 /* Classes */,
				97777C4D2AB8A5FE008D5A79 /* AppDelegate.swift */,
				97777C512AB8A5FE008D5A79 /* ViewController.swift */,
				61FF01C32ABC2FA000FFC007 /* MyView.swift */,
				97777C532AB8A5FF008D5A79 /* Main.storyboard */,
				97777C562AB8A600008D5A79 /* Assets.xcassets */,
				97777C582AB8A600008D5A79 /* LaunchScreen.storyboard */,
				97777C5B2AB8A600008D5A79 /* Info.plist */,
			);
			path = JZExtension;
			sourceTree = "<group>";
		};
		97777C612AB8A615008D5A79 /* Classes */ = {
			isa = PBXGroup;
			children = (
				97777C642AB8A625008D5A79 /* JZExtension.swift */,
				97777C622AB8A625008D5A79 /* UIResponder+JZ.swift */,
				6147EB692ABD39090090A914 /* UIScrollView+JZ.swift */,
				97777C632AB8A625008D5A79 /* UITableView+JZ.swift */,
				61761DAE2AB93E100038A5C1 /* UIView+JZ.swift */,
				61FF01BC2ABBDB9F00FFC007 /* UIButton+JZ.swift */,
				6147EB672ABD32430090A914 /* UIViewController+JZ.swift */,
				61761DB02AB975540038A5C1 /* UITextField+JZ.swift */,
				61761DB22ABA94DA0038A5C1 /* CharacterSetOption.swift */,
			);
			path = Classes;
			sourceTree = "<group>";
		};
		B9D0F46055167982C3C5279B /* Frameworks */ = {
			isa = PBXGroup;
			children = (
				7C81ECD052CA98078409401C /* Pods_JZExtension.framework */,
			);
			name = Frameworks;
			sourceTree = "<group>";
		};
/* End PBXGroup section */

/* Begin PBXNativeTarget section */
		97777C492AB8A5FE008D5A79 /* JZExtension */ = {
			isa = PBXNativeTarget;
			buildConfigurationList = 97777C5E2AB8A600008D5A79 /* Build configuration list for PBXNativeTarget "JZExtension" */;
			buildPhases = (
				3F8A179C367E4B8843E03318 /* [CP] Check Pods Manifest.lock */,
				97777C462AB8A5FE008D5A79 /* Sources */,
				97777C472AB8A5FE008D5A79 /* Frameworks */,
				97777C482AB8A5FE008D5A79 /* Resources */,
				CCF27CA5B27152BDE9DB720B /* [CP] Embed Pods Frameworks */,
			);
			buildRules = (
			);
			dependencies = (
			);
			name = JZExtension;
			productName = JZExtension;
			productReference = 97777C4A2AB8A5FE008D5A79 /* JZExtension.app */;
			productType = "com.apple.product-type.application";
		};
/* End PBXNativeTarget section */

/* Begin PBXProject section */
		97777C422AB8A5FE008D5A79 /* Project object */ = {
			isa = PBXProject;
			attributes = {
				BuildIndependentTargetsInParallel = 1;
				LastSwiftUpdateCheck = 1500;
				LastUpgradeCheck = 1500;
				TargetAttributes = {
					97777C492AB8A5FE008D5A79 = {
						CreatedOnToolsVersion = 15.0;
					};
				};
			};
			buildConfigurationList = 97777C452AB8A5FE008D5A79 /* Build configuration list for PBXProject "JZExtension" */;
			compatibilityVersion = "Xcode 14.0";
			developmentRegion = en;
			hasScannedForEncodings = 0;
			knownRegions = (
				en,
				Base,
			);
			mainGroup = 97777C412AB8A5FE008D5A79;
			productRefGroup = 97777C4B2AB8A5FE008D5A79 /* Products */;
			projectDirPath = "";
			projectRoot = "";
			targets = (
				97777C492AB8A5FE008D5A79 /* JZExtension */,
			);
		};
/* End PBXProject section */

/* Begin PBXResourcesBuildPhase section */
		97777C482AB8A5FE008D5A79 /* Resources */ = {
			isa = PBXResourcesBuildPhase;
			buildActionMask = 2147483647;
			files = (
				97777C5A2AB8A600008D5A79 /* LaunchScreen.storyboard in Resources */,
				97777C572AB8A600008D5A79 /* Assets.xcassets in Resources */,
				97777C552AB8A5FF008D5A79 /* Main.storyboard in Resources */,
			);
			runOnlyForDeploymentPostprocessing = 0;
		};
/* End PBXResourcesBuildPhase section */

/* Begin PBXShellScriptBuildPhase section */
		3F8A179C367E4B8843E03318 /* [CP] Check Pods Manifest.lock */ = {
			isa = PBXShellScriptBuildPhase;
			buildActionMask = 2147483647;
			files = (
			);
			inputFileListPaths = (
			);
			inputPaths = (
				"${PODS_PODFILE_DIR_PATH}/Podfile.lock",
				"${PODS_ROOT}/Manifest.lock",
			);
			name = "[CP] Check Pods Manifest.lock";
			outputFileListPaths = (
			);
			outputPaths = (
				"$(DERIVED_FILE_DIR)/Pods-JZExtension-checkManifestLockResult.txt",
			);
			runOnlyForDeploymentPostprocessing = 0;
			shellPath = /bin/sh;
			shellScript = "diff \"${PODS_PODFILE_DIR_PATH}/Podfile.lock\" \"${PODS_ROOT}/Manifest.lock\" > /dev/null\nif [ $? != 0 ] ; then\n    # print error to STDERR\n    echo \"error: The sandbox is not in sync with the Podfile.lock. Run 'pod install' or update your CocoaPods installation.\" >&2\n    exit 1\nfi\n# This output is used by Xcode 'outputs' to avoid re-running this script phase.\necho \"SUCCESS\" > \"${SCRIPT_OUTPUT_FILE_0}\"\n";
			showEnvVarsInLog = 0;
		};
		CCF27CA5B27152BDE9DB720B /* [CP] Embed Pods Frameworks */ = {
			isa = PBXShellScriptBuildPhase;
			buildActionMask = 2147483647;
			files = (
			);
			inputFileListPaths = (
				"${PODS_ROOT}/Target Support Files/Pods-JZExtension/Pods-JZExtension-frameworks-${CONFIGURATION}-input-files.xcfilelist",
			);
			name = "[CP] Embed Pods Frameworks";
			outputFileListPaths = (
				"${PODS_ROOT}/Target Support Files/Pods-JZExtension/Pods-JZExtension-frameworks-${CONFIGURATION}-output-files.xcfilelist",
			);
			runOnlyForDeploymentPostprocessing = 0;
			shellPath = /bin/sh;
			shellScript = "\"${PODS_ROOT}/Target Support Files/Pods-JZExtension/Pods-JZExtension-frameworks.sh\"\n";
			showEnvVarsInLog = 0;
		};
/* End PBXShellScriptBuildPhase section */

/* Begin PBXSourcesBuildPhase section */
		97777C462AB8A5FE008D5A79 /* Sources */ = {
			isa = PBXSourcesBuildPhase;
			buildActionMask = 2147483647;
			files = (
				97777C522AB8A5FE008D5A79 /* ViewController.swift in Sources */,
				97777C4E2AB8A5FE008D5A79 /* AppDelegate.swift in Sources */,
				61FF01C42ABC2FA000FFC007 /* MyView.swift in Sources */,
				61761DB12AB975540038A5C1 /* UITextField+JZ.swift in Sources */,
				97777C652AB8A625008D5A79 /* UIResponder+JZ.swift in Sources */,
				97777C672AB8A625008D5A79 /* JZExtension.swift in Sources */,
				61761DB32ABA94DA0038A5C1 /* CharacterSetOption.swift in Sources */,
				61FF01BD2ABBDB9F00FFC007 /* UIButton+JZ.swift in Sources */,
				61761DAF2AB93E100038A5C1 /* UIView+JZ.swift in Sources */,
				6147EB682ABD32430090A914 /* UIViewController+JZ.swift in Sources */,
				97777C662AB8A625008D5A79 /* UITableView+JZ.swift in Sources */,
				6147EB6A2ABD39090090A914 /* UIScrollView+JZ.swift in Sources */,
			);
			runOnlyForDeploymentPostprocessing = 0;
		};
/* End PBXSourcesBuildPhase section */

/* Begin PBXVariantGroup section */
		97777C532AB8A5FF008D5A79 /* Main.storyboard */ = {
			isa = PBXVariantGroup;
			children = (
				97777C542AB8A5FF008D5A79 /* Base */,
			);
			name = Main.storyboard;
			sourceTree = "<group>";
		};
		97777C582AB8A600008D5A79 /* LaunchScreen.storyboard */ = {
			isa = PBXVariantGroup;
			children = (
				97777C592AB8A600008D5A79 /* Base */,
			);
			name = LaunchScreen.storyboard;
			sourceTree = "<group>";
		};
/* End PBXVariantGroup section */

/* Begin XCBuildConfiguration section */
		97777C5C2AB8A600008D5A79 /* Debug */ = {
			isa = XCBuildConfiguration;
			buildSettings = {
				ALWAYS_SEARCH_USER_PATHS = NO;
				ASSETCATALOG_COMPILER_GENERATE_SWIFT_ASSET_SYMBOL_EXTENSIONS = YES;
				CLANG_ANALYZER_NONNULL = YES;
				CLANG_ANALYZER_NUMBER_OBJECT_CONVERSION = YES_AGGRESSIVE;
				CLANG_CXX_LANGUAGE_STANDARD = "gnu++20";
				CLANG_ENABLE_MODULES = YES;
				CLANG_ENABLE_OBJC_ARC = YES;
				CLANG_ENABLE_OBJC_WEAK = YES;
				CLANG_WARN_BLOCK_CAPTURE_AUTORELEASING = YES;
				CLANG_WARN_BOOL_CONVERSION = YES;
				CLANG_WARN_COMMA = YES;
				CLANG_WARN_CONSTANT_CONVERSION = YES;
				CLANG_WARN_DEPRECATED_OBJC_IMPLEMENTATIONS = YES;
				CLANG_WARN_DIRECT_OBJC_ISA_USAGE = YES_ERROR;
				CLANG_WARN_DOCUMENTATION_COMMENTS = YES;
				CLANG_WARN_EMPTY_BODY = YES;
				CLANG_WARN_ENUM_CONVERSION = YES;
				CLANG_WARN_INFINITE_RECURSION = YES;
				CLANG_WARN_INT_CONVERSION = YES;
				CLANG_WARN_NON_LITERAL_NULL_CONVERSION = YES;
				CLANG_WARN_OBJC_IMPLICIT_RETAIN_SELF = YES;
				CLANG_WARN_OBJC_LITERAL_CONVERSION = YES;
				CLANG_WARN_OBJC_ROOT_CLASS = YES_ERROR;
				CLANG_WARN_QUOTED_INCLUDE_IN_FRAMEWORK_HEADER = YES;
				CLANG_WARN_RANGE_LOOP_ANALYSIS = YES;
				CLANG_WARN_STRICT_PROTOTYPES = YES;
				CLANG_WARN_SUSPICIOUS_MOVE = YES;
				CLANG_WARN_UNGUARDED_AVAILABILITY = YES_AGGRESSIVE;
				CLANG_WARN_UNREACHABLE_CODE = YES;
				CLANG_WARN__DUPLICATE_METHOD_MATCH = YES;
				COPY_PHASE_STRIP = NO;
				DEBUG_INFORMATION_FORMAT = dwarf;
				ENABLE_STRICT_OBJC_MSGSEND = YES;
				ENABLE_TESTABILITY = YES;
				ENABLE_USER_SCRIPT_SANDBOXING = NO;
				GCC_C_LANGUAGE_STANDARD = gnu17;
				GCC_DYNAMIC_NO_PIC = NO;
				GCC_NO_COMMON_BLOCKS = YES;
				GCC_OPTIMIZATION_LEVEL = 0;
				GCC_PREPROCESSOR_DEFINITIONS = (
					"DEBUG=1",
					"$(inherited)",
				);
				GCC_WARN_64_TO_32_BIT_CONVERSION = YES;
				GCC_WARN_ABOUT_RETURN_TYPE = YES_ERROR;
				GCC_WARN_UNDECLARED_SELECTOR = YES;
				GCC_WARN_UNINITIALIZED_AUTOS = YES_AGGRESSIVE;
				GCC_WARN_UNUSED_FUNCTION = YES;
				GCC_WARN_UNUSED_VARIABLE = YES;
				IPHONEOS_DEPLOYMENT_TARGET = 12.0;
				LOCALIZATION_PREFERS_STRING_CATALOGS = YES;
				MTL_ENABLE_DEBUG_INFO = INCLUDE_SOURCE;
				MTL_FAST_MATH = YES;
				ONLY_ACTIVE_ARCH = YES;
				SDKROOT = iphoneos;
				SWIFT_ACTIVE_COMPILATION_CONDITIONS = "DEBUG $(inherited)";
				SWIFT_OPTIMIZATION_LEVEL = "-Onone";
			};
			name = Debug;
		};
		97777C5D2AB8A600008D5A79 /* Release */ = {
			isa = XCBuildConfiguration;
			buildSettings = {
				ALWAYS_SEARCH_USER_PATHS = NO;
				ASSETCATALOG_COMPILER_GENERATE_SWIFT_ASSET_SYMBOL_EXTENSIONS = YES;
				CLANG_ANALYZER_NONNULL = YES;
				CLANG_ANALYZER_NUMBER_OBJECT_CONVERSION = YES_AGGRESSIVE;
				CLANG_CXX_LANGUAGE_STANDARD = "gnu++20";
				CLANG_ENABLE_MODULES = YES;
				CLANG_ENABLE_OBJC_ARC = YES;
				CLANG_ENABLE_OBJC_WEAK = YES;
				CLANG_WARN_BLOCK_CAPTURE_AUTORELEASING = YES;
				CLANG_WARN_BOOL_CONVERSION = YES;
				CLANG_WARN_COMMA = YES;
				CLANG_WARN_CONSTANT_CONVERSION = YES;
				CLANG_WARN_DEPRECATED_OBJC_IMPLEMENTATIONS = YES;
				CLANG_WARN_DIRECT_OBJC_ISA_USAGE = YES_ERROR;
				CLANG_WARN_DOCUMENTATION_COMMENTS = YES;
				CLANG_WARN_EMPTY_BODY = YES;
				CLANG_WARN_ENUM_CONVERSION = YES;
				CLANG_WARN_INFINITE_RECURSION = YES;
				CLANG_WARN_INT_CONVERSION = YES;
				CLANG_WARN_NON_LITERAL_NULL_CONVERSION = YES;
				CLANG_WARN_OBJC_IMPLICIT_RETAIN_SELF = YES;
				CLANG_WARN_OBJC_LITERAL_CONVERSION = YES;
				CLANG_WARN_OBJC_ROOT_CLASS = YES_ERROR;
				CLANG_WARN_QUOTED_INCLUDE_IN_FRAMEWORK_HEADER = YES;
				CLANG_WARN_RANGE_LOOP_ANALYSIS = YES;
				CLANG_WARN_STRICT_PROTOTYPES = YES;
				CLANG_WARN_SUSPICIOUS_MOVE = YES;
				CLANG_WARN_UNGUARDED_AVAILABILITY = YES_AGGRESSIVE;
				CLANG_WARN_UNREACHABLE_CODE = YES;
				CLANG_WARN__DUPLICATE_METHOD_MATCH = YES;
				COPY_PHASE_STRIP = NO;
				DEBUG_INFORMATION_FORMAT = "dwarf-with-dsym";
				ENABLE_NS_ASSERTIONS = NO;
				ENABLE_STRICT_OBJC_MSGSEND = YES;
				ENABLE_USER_SCRIPT_SANDBOXING = NO;
				GCC_C_LANGUAGE_STANDARD = gnu17;
				GCC_NO_COMMON_BLOCKS = YES;
				GCC_WARN_64_TO_32_BIT_CONVERSION = YES;
				GCC_WARN_ABOUT_RETURN_TYPE = YES_ERROR;
				GCC_WARN_UNDECLARED_SELECTOR = YES;
				GCC_WARN_UNINITIALIZED_AUTOS = YES_AGGRESSIVE;
				GCC_WARN_UNUSED_FUNCTION = YES;
				GCC_WARN_UNUSED_VARIABLE = YES;
				IPHONEOS_DEPLOYMENT_TARGET = 12.0;
				LOCALIZATION_PREFERS_STRING_CATALOGS = YES;
				MTL_ENABLE_DEBUG_INFO = NO;
				MTL_FAST_MATH = YES;
				SDKROOT = iphoneos;
				SWIFT_COMPILATION_MODE = wholemodule;
				VALIDATE_PRODUCT = YES;
			};
			name = Release;
		};
		97777C5F2AB8A600008D5A79 /* Debug */ = {
			isa = XCBuildConfiguration;
			baseConfigurationReference = 633EE6759F821A35D7EAEF3B /* Pods-JZExtension.debug.xcconfig */;
			buildSettings = {
				ASSETCATALOG_COMPILER_APPICON_NAME = AppIcon;
				ASSETCATALOG_COMPILER_GLOBAL_ACCENT_COLOR_NAME = AccentColor;
				CODE_SIGN_STYLE = Automatic;
				CURRENT_PROJECT_VERSION = 1;
				DEVELOPMENT_TEAM = MPV859CKBH;
				GENERATE_INFOPLIST_FILE = YES;
				INFOPLIST_FILE = JZExtension/Info.plist;
				INFOPLIST_KEY_UIApplicationSupportsIndirectInputEvents = YES;
				INFOPLIST_KEY_UILaunchStoryboardName = LaunchScreen;
				INFOPLIST_KEY_UISupportedInterfaceOrientations_iPad = "UIInterfaceOrientationPortrait UIInterfaceOrientationPortraitUpsideDown UIInterfaceOrientationLandscapeLeft UIInterfaceOrientationLandscapeRight";
				INFOPLIST_KEY_UISupportedInterfaceOrientations_iPhone = "UIInterfaceOrientationPortrait UIInterfaceOrientationLandscapeLeft UIInterfaceOrientationLandscapeRight";
				LD_RUNPATH_SEARCH_PATHS = (
					"$(inherited)",
					"@executable_path/Frameworks",
				);
				MARKETING_VERSION = 1.0;
				PRODUCT_BUNDLE_IDENTIFIER = com.jerry.JZExtension;
				PRODUCT_NAME = "$(TARGET_NAME)";
				SWIFT_EMIT_LOC_STRINGS = YES;
				SWIFT_VERSION = 5.0;
				TARGETED_DEVICE_FAMILY = "1,2";
			};
			name = Debug;
		};
		97777C602AB8A600008D5A79 /* Release */ = {
			isa = XCBuildConfiguration;
			baseConfigurationReference = B222383BB0BE2CFA80F85814 /* Pods-JZExtension.release.xcconfig */;
			buildSettings = {
				ASSETCATALOG_COMPILER_APPICON_NAME = AppIcon;
				ASSETCATALOG_COMPILER_GLOBAL_ACCENT_COLOR_NAME = AccentColor;
				CODE_SIGN_STYLE = Automatic;
				CURRENT_PROJECT_VERSION = 1;
				DEVELOPMENT_TEAM = MPV859CKBH;
				GENERATE_INFOPLIST_FILE = YES;
				INFOPLIST_FILE = JZExtension/Info.plist;
				INFOPLIST_KEY_UIApplicationSupportsIndirectInputEvents = YES;
				INFOPLIST_KEY_UILaunchStoryboardName = LaunchScreen;
				INFOPLIST_KEY_UISupportedInterfaceOrientations_iPad = "UIInterfaceOrientationPortrait UIInterfaceOrientationPortraitUpsideDown UIInterfaceOrientationLandscapeLeft UIInterfaceOrientationLandscapeRight";
				INFOPLIST_KEY_UISupportedInterfaceOrientations_iPhone = "UIInterfaceOrientationPortrait UIInterfaceOrientationLandscapeLeft UIInterfaceOrientationLandscapeRight";
				LD_RUNPATH_SEARCH_PATHS = (
					"$(inherited)",
					"@executable_path/Frameworks",
				);
				MARKETING_VERSION = 1.0;
				PRODUCT_BUNDLE_IDENTIFIER = com.jerry.JZExtension;
				PRODUCT_NAME = "$(TARGET_NAME)";
				SWIFT_EMIT_LOC_STRINGS = YES;
				SWIFT_VERSION = 5.0;
				TARGETED_DEVICE_FAMILY = "1,2";
			};
			name = Release;
		};
/* End XCBuildConfiguration section */

/* Begin XCConfigurationList section */
		97777C452AB8A5FE008D5A79 /* Build configuration list for PBXProject "JZExtension" */ = {
			isa = XCConfigurationList;
			buildConfigurations = (
				97777C5C2AB8A600008D5A79 /* Debug */,
				97777C5D2AB8A600008D5A79 /* Release */,
			);
			defaultConfigurationIsVisible = 0;
			defaultConfigurationName = Release;
		};
		97777C5E2AB8A600008D5A79 /* Build configuration list for PBXNativeTarget "JZExtension" */ = {
			isa = XCConfigurationList;
			buildConfigurations = (
				97777C5F2AB8A600008D5A79 /* Debug */,
				97777C602AB8A600008D5A79 /* Release */,
			);
			defaultConfigurationIsVisible = 0;
			defaultConfigurationName = Release;
		};
/* End XCConfigurationList section */
	};
	rootObject = 97777C422AB8A5FE008D5A79 /* Project object */;
}
